// !$*UTF8*$!
{
	archiveVersion = 1;
	classes = {
	};
	objectVersion = 56;
	objects = {

/* Begin PBXBuildFile section */
		6E67F2AB2BE00E8A009CB3C6 /* Repo.swift in Sources */ = {isa = PBXBuildFile; fileRef = 6E67F2AA2BE00E8A009CB3C6 /* Repo.swift */; };
		6E67F2AC2BE00E8A009CB3C6 /* Repo.swift in Sources */ = {isa = PBXBuildFile; fileRef = 6E67F2AA2BE00E8A009CB3C6 /* Repo.swift */; };
		6E67F2AD2BE00E8A009CB3C6 /* Repo.swift in Sources */ = {isa = PBXBuildFile; fileRef = 6E67F2AA2BE00E8A009CB3C6 /* Repo.swift */; };
		6E67F2AF2BE00E9C009CB3C6 /* PullRequest.swift in Sources */ = {isa = PBXBuildFile; fileRef = 6E67F2AE2BE00E9C009CB3C6 /* PullRequest.swift */; };
		6E67F2B02BE00E9C009CB3C6 /* PullRequest.swift in Sources */ = {isa = PBXBuildFile; fileRef = 6E67F2AE2BE00E9C009CB3C6 /* PullRequest.swift */; };
		6E67F2B12BE00E9C009CB3C6 /* PullRequest.swift in Sources */ = {isa = PBXBuildFile; fileRef = 6E67F2AE2BE00E9C009CB3C6 /* PullRequest.swift */; };
		6E67F2B72BE0113B009CB3C6 /* ListRepositoriesUIViewController.swift in Sources */ = {isa = PBXBuildFile; fileRef = 6E67F2B62BE0113B009CB3C6 /* ListRepositoriesUIViewController.swift */; };
		6E67F2B82BE0113B009CB3C6 /* ListRepositoriesUIViewController.swift in Sources */ = {isa = PBXBuildFile; fileRef = 6E67F2B62BE0113B009CB3C6 /* ListRepositoriesUIViewController.swift */; };
		6E67F2B92BE0113B009CB3C6 /* ListRepositoriesUIViewController.swift in Sources */ = {isa = PBXBuildFile; fileRef = 6E67F2B62BE0113B009CB3C6 /* ListRepositoriesUIViewController.swift */; };
		6E67F2BB2BE0136A009CB3C6 /* Coordinator.swift in Sources */ = {isa = PBXBuildFile; fileRef = 6E67F2BA2BE0136A009CB3C6 /* Coordinator.swift */; };
		6E67F2BC2BE0136A009CB3C6 /* Coordinator.swift in Sources */ = {isa = PBXBuildFile; fileRef = 6E67F2BA2BE0136A009CB3C6 /* Coordinator.swift */; };
		6E67F2BD2BE0136A009CB3C6 /* Coordinator.swift in Sources */ = {isa = PBXBuildFile; fileRef = 6E67F2BA2BE0136A009CB3C6 /* Coordinator.swift */; };
		6E67F2BF2BE01388009CB3C6 /* MainCoordinator.swift in Sources */ = {isa = PBXBuildFile; fileRef = 6E67F2BE2BE01388009CB3C6 /* MainCoordinator.swift */; };
		6E67F2C02BE01388009CB3C6 /* MainCoordinator.swift in Sources */ = {isa = PBXBuildFile; fileRef = 6E67F2BE2BE01388009CB3C6 /* MainCoordinator.swift */; };
		6E67F2C12BE01388009CB3C6 /* MainCoordinator.swift in Sources */ = {isa = PBXBuildFile; fileRef = 6E67F2BE2BE01388009CB3C6 /* MainCoordinator.swift */; };
		6E67F2C72BE016DD009CB3C6 /* loading_animation.json in Resources */ = {isa = PBXBuildFile; fileRef = 6E67F2C32BE016DD009CB3C6 /* loading_animation.json */; };
		6E67F2C82BE016DD009CB3C6 /* loading_animation.json in Resources */ = {isa = PBXBuildFile; fileRef = 6E67F2C32BE016DD009CB3C6 /* loading_animation.json */; };
		6E67F2C92BE016DD009CB3C6 /* loading_animation.json in Resources */ = {isa = PBXBuildFile; fileRef = 6E67F2C32BE016DD009CB3C6 /* loading_animation.json */; };
		6E67F2CA2BE016DD009CB3C6 /* empty_list.json in Resources */ = {isa = PBXBuildFile; fileRef = 6E67F2C42BE016DD009CB3C6 /* empty_list.json */; };
		6E67F2CB2BE016DD009CB3C6 /* empty_list.json in Resources */ = {isa = PBXBuildFile; fileRef = 6E67F2C42BE016DD009CB3C6 /* empty_list.json */; };
		6E67F2CC2BE016DD009CB3C6 /* empty_list.json in Resources */ = {isa = PBXBuildFile; fileRef = 6E67F2C42BE016DD009CB3C6 /* empty_list.json */; };
		6E67F2CD2BE016DD009CB3C6 /* github_splash.json in Resources */ = {isa = PBXBuildFile; fileRef = 6E67F2C52BE016DD009CB3C6 /* github_splash.json */; };
		6E67F2CE2BE016DD009CB3C6 /* github_splash.json in Resources */ = {isa = PBXBuildFile; fileRef = 6E67F2C52BE016DD009CB3C6 /* github_splash.json */; };
		6E67F2CF2BE016DD009CB3C6 /* github_splash.json in Resources */ = {isa = PBXBuildFile; fileRef = 6E67F2C52BE016DD009CB3C6 /* github_splash.json */; };
		6E67F2D02BE016DD009CB3C6 /* error_animation.json in Resources */ = {isa = PBXBuildFile; fileRef = 6E67F2C62BE016DD009CB3C6 /* error_animation.json */; };
		6E67F2D12BE016DD009CB3C6 /* error_animation.json in Resources */ = {isa = PBXBuildFile; fileRef = 6E67F2C62BE016DD009CB3C6 /* error_animation.json */; };
		6E67F2D22BE016DD009CB3C6 /* error_animation.json in Resources */ = {isa = PBXBuildFile; fileRef = 6E67F2C62BE016DD009CB3C6 /* error_animation.json */; };
		6E67F2D52BE0185F009CB3C6 /* SplashUIViewController.swift in Sources */ = {isa = PBXBuildFile; fileRef = 6E67F2D42BE0185F009CB3C6 /* SplashUIViewController.swift */; };
		6E67F2D62BE0185F009CB3C6 /* SplashUIViewController.swift in Sources */ = {isa = PBXBuildFile; fileRef = 6E67F2D42BE0185F009CB3C6 /* SplashUIViewController.swift */; };
		6E67F2D72BE0185F009CB3C6 /* SplashUIViewController.swift in Sources */ = {isa = PBXBuildFile; fileRef = 6E67F2D42BE0185F009CB3C6 /* SplashUIViewController.swift */; };
		6E67F2D92BE01992009CB3C6 /* RepositoryListItem.swift in Sources */ = {isa = PBXBuildFile; fileRef = 6E67F2D82BE01992009CB3C6 /* RepositoryListItem.swift */; };
		6E67F2DA2BE01992009CB3C6 /* RepositoryListItem.swift in Sources */ = {isa = PBXBuildFile; fileRef = 6E67F2D82BE01992009CB3C6 /* RepositoryListItem.swift */; };
		6E67F2DB2BE01992009CB3C6 /* RepositoryListItem.swift in Sources */ = {isa = PBXBuildFile; fileRef = 6E67F2D82BE01992009CB3C6 /* RepositoryListItem.swift */; };
		6E67F2DE2BE02162009CB3C6 /* ViewExtensions.swift in Sources */ = {isa = PBXBuildFile; fileRef = 6E67F2DD2BE02162009CB3C6 /* ViewExtensions.swift */; };
		6E67F2DF2BE02162009CB3C6 /* ViewExtensions.swift in Sources */ = {isa = PBXBuildFile; fileRef = 6E67F2DD2BE02162009CB3C6 /* ViewExtensions.swift */; };
		6E67F2E02BE02162009CB3C6 /* ViewExtensions.swift in Sources */ = {isa = PBXBuildFile; fileRef = 6E67F2DD2BE02162009CB3C6 /* ViewExtensions.swift */; };
		6E67F2E32BE037A7009CB3C6 /* BaseInteractor.swift in Sources */ = {isa = PBXBuildFile; fileRef = 6E67F2E22BE037A7009CB3C6 /* BaseInteractor.swift */; };
		6E67F2E42BE037A8009CB3C6 /* BaseInteractor.swift in Sources */ = {isa = PBXBuildFile; fileRef = 6E67F2E22BE037A7009CB3C6 /* BaseInteractor.swift */; };
		6E67F2E52BE037A8009CB3C6 /* BaseInteractor.swift in Sources */ = {isa = PBXBuildFile; fileRef = 6E67F2E22BE037A7009CB3C6 /* BaseInteractor.swift */; };
		6E67F2E82BE037F3009CB3C6 /* BasePresenter.swift in Sources */ = {isa = PBXBuildFile; fileRef = 6E67F2E72BE037F3009CB3C6 /* BasePresenter.swift */; };
		6E67F2E92BE037F3009CB3C6 /* BasePresenter.swift in Sources */ = {isa = PBXBuildFile; fileRef = 6E67F2E72BE037F3009CB3C6 /* BasePresenter.swift */; };
		6E67F2EA2BE037F3009CB3C6 /* BasePresenter.swift in Sources */ = {isa = PBXBuildFile; fileRef = 6E67F2E72BE037F3009CB3C6 /* BasePresenter.swift */; };
		6E67F2EE2BE0386C009CB3C6 /* ListRepositoryPresenter.swift in Sources */ = {isa = PBXBuildFile; fileRef = 6E67F2ED2BE0386C009CB3C6 /* ListRepositoryPresenter.swift */; };
		6E67F2EF2BE0386C009CB3C6 /* ListRepositoryPresenter.swift in Sources */ = {isa = PBXBuildFile; fileRef = 6E67F2ED2BE0386C009CB3C6 /* ListRepositoryPresenter.swift */; };
		6E67F2F02BE0386C009CB3C6 /* ListRepositoryPresenter.swift in Sources */ = {isa = PBXBuildFile; fileRef = 6E67F2ED2BE0386C009CB3C6 /* ListRepositoryPresenter.swift */; };
		6E67F2F22BE038E6009CB3C6 /* ListRepositoriesInteractor.swift in Sources */ = {isa = PBXBuildFile; fileRef = 6E67F2F12BE038E6009CB3C6 /* ListRepositoriesInteractor.swift */; };
		6E67F2F32BE038E6009CB3C6 /* ListRepositoriesInteractor.swift in Sources */ = {isa = PBXBuildFile; fileRef = 6E67F2F12BE038E6009CB3C6 /* ListRepositoriesInteractor.swift */; };
		6E67F2F42BE038E6009CB3C6 /* ListRepositoriesInteractor.swift in Sources */ = {isa = PBXBuildFile; fileRef = 6E67F2F12BE038E6009CB3C6 /* ListRepositoriesInteractor.swift */; };
		6EB160982BDFFA36005EA5C7 /* AppDelegate.swift in Sources */ = {isa = PBXBuildFile; fileRef = 6EB160972BDFFA36005EA5C7 /* AppDelegate.swift */; };
		6EB1609A2BDFFA36005EA5C7 /* SceneDelegate.swift in Sources */ = {isa = PBXBuildFile; fileRef = 6EB160992BDFFA36005EA5C7 /* SceneDelegate.swift */; };
		6EB1609C2BDFFA36005EA5C7 /* ViewController.swift in Sources */ = {isa = PBXBuildFile; fileRef = 6EB1609B2BDFFA36005EA5C7 /* ViewController.swift */; };
		6EB1609F2BDFFA36005EA5C7 /* Main.storyboard in Resources */ = {isa = PBXBuildFile; fileRef = 6EB1609D2BDFFA36005EA5C7 /* Main.storyboard */; };
		6EB160A12BDFFA38005EA5C7 /* Assets.xcassets in Resources */ = {isa = PBXBuildFile; fileRef = 6EB160A02BDFFA38005EA5C7 /* Assets.xcassets */; };
		6EB160A42BDFFA38005EA5C7 /* LaunchScreen.storyboard in Resources */ = {isa = PBXBuildFile; fileRef = 6EB160A22BDFFA38005EA5C7 /* LaunchScreen.storyboard */; };
		6EB160AF2BDFFA38005EA5C7 /* TopRepoIOSTests.swift in Sources */ = {isa = PBXBuildFile; fileRef = 6EB160AE2BDFFA38005EA5C7 /* TopRepoIOSTests.swift */; };
		6EB160B92BDFFA38005EA5C7 /* TopRepoIOSUITests.swift in Sources */ = {isa = PBXBuildFile; fileRef = 6EB160B82BDFFA38005EA5C7 /* TopRepoIOSUITests.swift */; };
		6EB160BB2BDFFA38005EA5C7 /* TopRepoIOSUITestsLaunchTests.swift in Sources */ = {isa = PBXBuildFile; fileRef = 6EB160BA2BDFFA38005EA5C7 /* TopRepoIOSUITestsLaunchTests.swift */; };
		BC1E86C189F02FA6FD4CCD78 /* Pods_TopRepoIOS.framework in Frameworks */ = {isa = PBXBuildFile; fileRef = 0938D49517297100271CAC20 /* Pods_TopRepoIOS.framework */; };
/* End PBXBuildFile section */

/* Begin PBXContainerItemProxy section */
		6EB160AB2BDFFA38005EA5C7 /* PBXContainerItemProxy */ = {
			isa = PBXContainerItemProxy;
			containerPortal = 6EB1608C2BDFFA36005EA5C7 /* Project object */;
			proxyType = 1;
			remoteGlobalIDString = 6EB160932BDFFA36005EA5C7;
			remoteInfo = TopRepoIOS;
		};
		6EB160B52BDFFA38005EA5C7 /* PBXContainerItemProxy */ = {
			isa = PBXContainerItemProxy;
			containerPortal = 6EB1608C2BDFFA36005EA5C7 /* Project object */;
			proxyType = 1;
			remoteGlobalIDString = 6EB160932BDFFA36005EA5C7;
			remoteInfo = TopRepoIOS;
		};
/* End PBXContainerItemProxy section */

/* Begin PBXFileReference section */
		0938D49517297100271CAC20 /* Pods_TopRepoIOS.framework */ = {isa = PBXFileReference; explicitFileType = wrapper.framework; includeInIndex = 0; path = Pods_TopRepoIOS.framework; sourceTree = BUILT_PRODUCTS_DIR; };
		51B8D599E8885B540B3B0F61 /* Pods-TopRepoIOS.release.xcconfig */ = {isa = PBXFileReference; includeInIndex = 1; lastKnownFileType = text.xcconfig; name = "Pods-TopRepoIOS.release.xcconfig"; path = "Target Support Files/Pods-TopRepoIOS/Pods-TopRepoIOS.release.xcconfig"; sourceTree = "<group>"; };
		6E67F2AA2BE00E8A009CB3C6 /* Repo.swift */ = {isa = PBXFileReference; lastKnownFileType = sourcecode.swift; path = Repo.swift; sourceTree = "<group>"; };
		6E67F2AE2BE00E9C009CB3C6 /* PullRequest.swift */ = {isa = PBXFileReference; lastKnownFileType = sourcecode.swift; path = PullRequest.swift; sourceTree = "<group>"; };
		6E67F2B62BE0113B009CB3C6 /* ListRepositoriesUIViewController.swift */ = {isa = PBXFileReference; lastKnownFileType = sourcecode.swift; path = ListRepositoriesUIViewController.swift; sourceTree = "<group>"; };
		6E67F2BA2BE0136A009CB3C6 /* Coordinator.swift */ = {isa = PBXFileReference; lastKnownFileType = sourcecode.swift; path = Coordinator.swift; sourceTree = "<group>"; };
		6E67F2BE2BE01388009CB3C6 /* MainCoordinator.swift */ = {isa = PBXFileReference; lastKnownFileType = sourcecode.swift; path = MainCoordinator.swift; sourceTree = "<group>"; };
		6E67F2C32BE016DD009CB3C6 /* loading_animation.json */ = {isa = PBXFileReference; fileEncoding = 4; lastKnownFileType = text.json; path = loading_animation.json; sourceTree = "<group>"; };
		6E67F2C42BE016DD009CB3C6 /* empty_list.json */ = {isa = PBXFileReference; fileEncoding = 4; lastKnownFileType = text.json; path = empty_list.json; sourceTree = "<group>"; };
		6E67F2C52BE016DD009CB3C6 /* github_splash.json */ = {isa = PBXFileReference; fileEncoding = 4; lastKnownFileType = text.json; path = github_splash.json; sourceTree = "<group>"; };
		6E67F2C62BE016DD009CB3C6 /* error_animation.json */ = {isa = PBXFileReference; fileEncoding = 4; lastKnownFileType = text.json; path = error_animation.json; sourceTree = "<group>"; };
		6E67F2D42BE0185F009CB3C6 /* SplashUIViewController.swift */ = {isa = PBXFileReference; lastKnownFileType = sourcecode.swift; path = SplashUIViewController.swift; sourceTree = "<group>"; };
		6E67F2D82BE01992009CB3C6 /* RepositoryListItem.swift */ = {isa = PBXFileReference; lastKnownFileType = sourcecode.swift; path = RepositoryListItem.swift; sourceTree = "<group>"; };
		6E67F2DD2BE02162009CB3C6 /* ViewExtensions.swift */ = {isa = PBXFileReference; lastKnownFileType = sourcecode.swift; path = ViewExtensions.swift; sourceTree = "<group>"; };
		6E67F2E22BE037A7009CB3C6 /* BaseInteractor.swift */ = {isa = PBXFileReference; lastKnownFileType = sourcecode.swift; path = BaseInteractor.swift; sourceTree = "<group>"; };
		6E67F2E72BE037F3009CB3C6 /* BasePresenter.swift */ = {isa = PBXFileReference; lastKnownFileType = sourcecode.swift; path = BasePresenter.swift; sourceTree = "<group>"; };
		6E67F2ED2BE0386C009CB3C6 /* ListRepositoryPresenter.swift */ = {isa = PBXFileReference; lastKnownFileType = sourcecode.swift; path = ListRepositoryPresenter.swift; sourceTree = "<group>"; };
		6E67F2F12BE038E6009CB3C6 /* ListRepositoriesInteractor.swift */ = {isa = PBXFileReference; lastKnownFileType = sourcecode.swift; path = ListRepositoriesInteractor.swift; sourceTree = "<group>"; };
		6EB160942BDFFA36005EA5C7 /* TopRepoIOS.app */ = {isa = PBXFileReference; explicitFileType = wrapper.application; includeInIndex = 0; path = TopRepoIOS.app; sourceTree = BUILT_PRODUCTS_DIR; };
		6EB160972BDFFA36005EA5C7 /* AppDelegate.swift */ = {isa = PBXFileReference; lastKnownFileType = sourcecode.swift; path = AppDelegate.swift; sourceTree = "<group>"; };
		6EB160992BDFFA36005EA5C7 /* SceneDelegate.swift */ = {isa = PBXFileReference; lastKnownFileType = sourcecode.swift; path = SceneDelegate.swift; sourceTree = "<group>"; };
		6EB1609B2BDFFA36005EA5C7 /* ViewController.swift */ = {isa = PBXFileReference; lastKnownFileType = sourcecode.swift; path = ViewController.swift; sourceTree = "<group>"; };
		6EB1609E2BDFFA36005EA5C7 /* Base */ = {isa = PBXFileReference; lastKnownFileType = file.storyboard; name = Base; path = Base.lproj/Main.storyboard; sourceTree = "<group>"; };
		6EB160A02BDFFA38005EA5C7 /* Assets.xcassets */ = {isa = PBXFileReference; lastKnownFileType = folder.assetcatalog; path = Assets.xcassets; sourceTree = "<group>"; };
		6EB160A32BDFFA38005EA5C7 /* Base */ = {isa = PBXFileReference; lastKnownFileType = file.storyboard; name = Base; path = Base.lproj/LaunchScreen.storyboard; sourceTree = "<group>"; };
		6EB160A52BDFFA38005EA5C7 /* Info.plist */ = {isa = PBXFileReference; lastKnownFileType = text.plist.xml; path = Info.plist; sourceTree = "<group>"; };
		6EB160AA2BDFFA38005EA5C7 /* TopRepoIOSTests.xctest */ = {isa = PBXFileReference; explicitFileType = wrapper.cfbundle; includeInIndex = 0; path = TopRepoIOSTests.xctest; sourceTree = BUILT_PRODUCTS_DIR; };
		6EB160AE2BDFFA38005EA5C7 /* TopRepoIOSTests.swift */ = {isa = PBXFileReference; lastKnownFileType = sourcecode.swift; path = TopRepoIOSTests.swift; sourceTree = "<group>"; };
		6EB160B42BDFFA38005EA5C7 /* TopRepoIOSUITests.xctest */ = {isa = PBXFileReference; explicitFileType = wrapper.cfbundle; includeInIndex = 0; path = TopRepoIOSUITests.xctest; sourceTree = BUILT_PRODUCTS_DIR; };
		6EB160B82BDFFA38005EA5C7 /* TopRepoIOSUITests.swift */ = {isa = PBXFileReference; lastKnownFileType = sourcecode.swift; path = TopRepoIOSUITests.swift; sourceTree = "<group>"; };
		6EB160BA2BDFFA38005EA5C7 /* TopRepoIOSUITestsLaunchTests.swift */ = {isa = PBXFileReference; lastKnownFileType = sourcecode.swift; path = TopRepoIOSUITestsLaunchTests.swift; sourceTree = "<group>"; };
		762379CB457A535066938334 /* Pods-TopRepoIOS.debug.xcconfig */ = {isa = PBXFileReference; includeInIndex = 1; lastKnownFileType = text.xcconfig; name = "Pods-TopRepoIOS.debug.xcconfig"; path = "Target Support Files/Pods-TopRepoIOS/Pods-TopRepoIOS.debug.xcconfig"; sourceTree = "<group>"; };
/* End PBXFileReference section */

/* Begin PBXFrameworksBuildPhase section */
		6EB160912BDFFA36005EA5C7 /* Frameworks */ = {
			isa = PBXFrameworksBuildPhase;
			buildActionMask = 2147483647;
			files = (
				BC1E86C189F02FA6FD4CCD78 /* Pods_TopRepoIOS.framework in Frameworks */,
			);
			runOnlyForDeploymentPostprocessing = 0;
		};
		6EB160A72BDFFA38005EA5C7 /* Frameworks */ = {
			isa = PBXFrameworksBuildPhase;
			buildActionMask = 2147483647;
			files = (
			);
			runOnlyForDeploymentPostprocessing = 0;
		};
		6EB160B12BDFFA38005EA5C7 /* Frameworks */ = {
			isa = PBXFrameworksBuildPhase;
			buildActionMask = 2147483647;
			files = (
			);
			runOnlyForDeploymentPostprocessing = 0;
		};
/* End PBXFrameworksBuildPhase section */

/* Begin PBXGroup section */
		5427F7A145022D0EB58C6EF1 /* Frameworks */ = {
			isa = PBXGroup;
			children = (
				0938D49517297100271CAC20 /* Pods_TopRepoIOS.framework */,
			);
			name = Frameworks;
			sourceTree = "<group>";
		};
		6E67F2A72BE00E25009CB3C6 /* Sources */ = {
			isa = PBXGroup;
			children = (
				6E67F2C22BE016B1009CB3C6 /* Resources */,
				6E67F2A82BE00E2E009CB3C6 /* Core */,
				6E67F2B22BE0108E009CB3C6 /* App */,
			);
			path = Sources;
			sourceTree = "<group>";
		};
		6E67F2A82BE00E2E009CB3C6 /* Core */ = {
			isa = PBXGroup;
			children = (
				6E67F2A92BE00E71009CB3C6 /* Models */,
			);
			path = Core;
			sourceTree = "<group>";
		};
		6E67F2A92BE00E71009CB3C6 /* Models */ = {
			isa = PBXGroup;
			children = (
				6E67F2AA2BE00E8A009CB3C6 /* Repo.swift */,
				6E67F2AE2BE00E9C009CB3C6 /* PullRequest.swift */,
			);
			path = Models;
			sourceTree = "<group>";
		};
		6E67F2B22BE0108E009CB3C6 /* App */ = {
			isa = PBXGroup;
			children = (
				6E67F2DC2BE02150009CB3C6 /* Views */,
				6E67F2B32BE01109009CB3C6 /* Features */,
			);
			path = App;
			sourceTree = "<group>";
		};
		6E67F2B32BE01109009CB3C6 /* Features */ = {
			isa = PBXGroup;
			children = (
				6E67F2D32BE01842009CB3C6 /* Splash */,
				6E67F2B42BE01112009CB3C6 /* ListRepositories */,
			);
			path = Features;
			sourceTree = "<group>";
		};
		6E67F2B42BE01112009CB3C6 /* ListRepositories */ = {
			isa = PBXGroup;
			children = (
				6E67F2EC2BE03851009CB3C6 /* Presenter */,
				6E67F2EB2BE03835009CB3C6 /* Interactor */,
				6E67F2B52BE01123009CB3C6 /* View */,
			);
			path = ListRepositories;
			sourceTree = "<group>";
		};
		6E67F2B52BE01123009CB3C6 /* View */ = {
			isa = PBXGroup;
			children = (
				6E67F2B62BE0113B009CB3C6 /* ListRepositoriesUIViewController.swift */,
				6E67F2D82BE01992009CB3C6 /* RepositoryListItem.swift */,
			);
			path = View;
			sourceTree = "<group>";
		};
		6E67F2C22BE016B1009CB3C6 /* Resources */ = {
			isa = PBXGroup;
			children = (
				6E67F2C42BE016DD009CB3C6 /* empty_list.json */,
				6E67F2C62BE016DD009CB3C6 /* error_animation.json */,
				6E67F2C52BE016DD009CB3C6 /* github_splash.json */,
				6E67F2C32BE016DD009CB3C6 /* loading_animation.json */,
			);
			path = Resources;
			sourceTree = "<group>";
		};
		6E67F2D32BE01842009CB3C6 /* Splash */ = {
			isa = PBXGroup;
			children = (
				6E67F2D42BE0185F009CB3C6 /* SplashUIViewController.swift */,
			);
			path = Splash;
			sourceTree = "<group>";
		};
		6E67F2DC2BE02150009CB3C6 /* Views */ = {
			isa = PBXGroup;
			children = (
				6E67F2E62BE037E4009CB3C6 /* presenter */,
				6E67F2E12BE03770009CB3C6 /* interactors */,
				6E67F2DD2BE02162009CB3C6 /* ViewExtensions.swift */,
			);
			path = Views;
			sourceTree = "<group>";
		};
		6E67F2E12BE03770009CB3C6 /* interactors */ = {
			isa = PBXGroup;
			children = (
				6E67F2E22BE037A7009CB3C6 /* BaseInteractor.swift */,
			);
			path = interactors;
			sourceTree = "<group>";
		};
		6E67F2E62BE037E4009CB3C6 /* presenter */ = {
			isa = PBXGroup;
			children = (
				6E67F2E72BE037F3009CB3C6 /* BasePresenter.swift */,
			);
			path = presenter;
			sourceTree = "<group>";
		};
		6E67F2EB2BE03835009CB3C6 /* Interactor */ = {
			isa = PBXGroup;
			children = (
				6E67F2F12BE038E6009CB3C6 /* ListRepositoriesInteractor.swift */,
			);
			path = Interactor;
			sourceTree = "<group>";
		};
		6E67F2EC2BE03851009CB3C6 /* Presenter */ = {
			isa = PBXGroup;
			children = (
				6E67F2ED2BE0386C009CB3C6 /* ListRepositoryPresenter.swift */,
			);
			path = Presenter;
			sourceTree = "<group>";
		};
		6EB1608B2BDFFA36005EA5C7 = {
			isa = PBXGroup;
			children = (
				6EB160962BDFFA36005EA5C7 /* TopRepoIOS */,
				6EB160AD2BDFFA38005EA5C7 /* TopRepoIOSTests */,
				6EB160B72BDFFA38005EA5C7 /* TopRepoIOSUITests */,
				6EB160952BDFFA36005EA5C7 /* Products */,
				A5ABAC1F6258181D66136A70 /* Pods */,
				5427F7A145022D0EB58C6EF1 /* Frameworks */,
			);
			sourceTree = "<group>";
		};
		6EB160952BDFFA36005EA5C7 /* Products */ = {
			isa = PBXGroup;
			children = (
				6EB160942BDFFA36005EA5C7 /* TopRepoIOS.app */,
				6EB160AA2BDFFA38005EA5C7 /* TopRepoIOSTests.xctest */,
				6EB160B42BDFFA38005EA5C7 /* TopRepoIOSUITests.xctest */,
			);
			name = Products;
			sourceTree = "<group>";
		};
		6EB160962BDFFA36005EA5C7 /* TopRepoIOS */ = {
			isa = PBXGroup;
			children = (
				6E67F2A72BE00E25009CB3C6 /* Sources */,
				6EB160972BDFFA36005EA5C7 /* AppDelegate.swift */,
				6EB160992BDFFA36005EA5C7 /* SceneDelegate.swift */,
				6EB1609B2BDFFA36005EA5C7 /* ViewController.swift */,
				6EB1609D2BDFFA36005EA5C7 /* Main.storyboard */,
				6EB160A02BDFFA38005EA5C7 /* Assets.xcassets */,
				6EB160A22BDFFA38005EA5C7 /* LaunchScreen.storyboard */,
				6EB160A52BDFFA38005EA5C7 /* Info.plist */,
				6E67F2BA2BE0136A009CB3C6 /* Coordinator.swift */,
				6E67F2BE2BE01388009CB3C6 /* MainCoordinator.swift */,
			);
			path = TopRepoIOS;
			sourceTree = "<group>";
		};
		6EB160AD2BDFFA38005EA5C7 /* TopRepoIOSTests */ = {
			isa = PBXGroup;
			children = (
				6EB160AE2BDFFA38005EA5C7 /* TopRepoIOSTests.swift */,
			);
			path = TopRepoIOSTests;
			sourceTree = "<group>";
		};
		6EB160B72BDFFA38005EA5C7 /* TopRepoIOSUITests */ = {
			isa = PBXGroup;
			children = (
				6EB160B82BDFFA38005EA5C7 /* TopRepoIOSUITests.swift */,
				6EB160BA2BDFFA38005EA5C7 /* TopRepoIOSUITestsLaunchTests.swift */,
			);
			path = TopRepoIOSUITests;
			sourceTree = "<group>";
		};
		A5ABAC1F6258181D66136A70 /* Pods */ = {
			isa = PBXGroup;
			children = (
				762379CB457A535066938334 /* Pods-TopRepoIOS.debug.xcconfig */,
				51B8D599E8885B540B3B0F61 /* Pods-TopRepoIOS.release.xcconfig */,
			);
			path = Pods;
			sourceTree = "<group>";
		};
/* End PBXGroup section */

/* Begin PBXNativeTarget section */
		6EB160932BDFFA36005EA5C7 /* TopRepoIOS */ = {
			isa = PBXNativeTarget;
			buildConfigurationList = 6EB160BE2BDFFA38005EA5C7 /* Build configuration list for PBXNativeTarget "TopRepoIOS" */;
			buildPhases = (
				A895CBC2621FE50A1D19D0BB /* [CP] Check Pods Manifest.lock */,
				6EB160902BDFFA36005EA5C7 /* Sources */,
				6EB160912BDFFA36005EA5C7 /* Frameworks */,
				6EB160922BDFFA36005EA5C7 /* Resources */,
				E3FB29AD375A3E6A4E221C79 /* [CP] Embed Pods Frameworks */,
			);
			buildRules = (
			);
			dependencies = (
			);
			name = TopRepoIOS;
			productName = TopRepoIOS;
			productReference = 6EB160942BDFFA36005EA5C7 /* TopRepoIOS.app */;
			productType = "com.apple.product-type.application";
		};
		6EB160A92BDFFA38005EA5C7 /* TopRepoIOSTests */ = {
			isa = PBXNativeTarget;
			buildConfigurationList = 6EB160C12BDFFA38005EA5C7 /* Build configuration list for PBXNativeTarget "TopRepoIOSTests" */;
			buildPhases = (
				6EB160A62BDFFA38005EA5C7 /* Sources */,
				6EB160A72BDFFA38005EA5C7 /* Frameworks */,
				6EB160A82BDFFA38005EA5C7 /* Resources */,
			);
			buildRules = (
			);
			dependencies = (
				6EB160AC2BDFFA38005EA5C7 /* PBXTargetDependency */,
			);
			name = TopRepoIOSTests;
			productName = TopRepoIOSTests;
			productReference = 6EB160AA2BDFFA38005EA5C7 /* TopRepoIOSTests.xctest */;
			productType = "com.apple.product-type.bundle.unit-test";
		};
		6EB160B32BDFFA38005EA5C7 /* TopRepoIOSUITests */ = {
			isa = PBXNativeTarget;
			buildConfigurationList = 6EB160C42BDFFA38005EA5C7 /* Build configuration list for PBXNativeTarget "TopRepoIOSUITests" */;
			buildPhases = (
				6EB160B02BDFFA38005EA5C7 /* Sources */,
				6EB160B12BDFFA38005EA5C7 /* Frameworks */,
				6EB160B22BDFFA38005EA5C7 /* Resources */,
			);
			buildRules = (
			);
			dependencies = (
				6EB160B62BDFFA38005EA5C7 /* PBXTargetDependency */,
			);
			name = TopRepoIOSUITests;
			productName = TopRepoIOSUITests;
			productReference = 6EB160B42BDFFA38005EA5C7 /* TopRepoIOSUITests.xctest */;
			productType = "com.apple.product-type.bundle.ui-testing";
		};
/* End PBXNativeTarget section */

/* Begin PBXProject section */
		6EB1608C2BDFFA36005EA5C7 /* Project object */ = {
			isa = PBXProject;
			attributes = {
				BuildIndependentTargetsInParallel = 1;
				LastSwiftUpdateCheck = 1430;
				LastUpgradeCheck = 1430;
				TargetAttributes = {
					6EB160932BDFFA36005EA5C7 = {
						CreatedOnToolsVersion = 14.3.1;
					};
					6EB160A92BDFFA38005EA5C7 = {
						CreatedOnToolsVersion = 14.3.1;
						TestTargetID = 6EB160932BDFFA36005EA5C7;
					};
					6EB160B32BDFFA38005EA5C7 = {
						CreatedOnToolsVersion = 14.3.1;
						TestTargetID = 6EB160932BDFFA36005EA5C7;
					};
				};
			};
			buildConfigurationList = 6EB1608F2BDFFA36005EA5C7 /* Build configuration list for PBXProject "TopRepoIOS" */;
			compatibilityVersion = "Xcode 14.0";
			developmentRegion = en;
			hasScannedForEncodings = 0;
			knownRegions = (
				en,
				Base,
			);
			mainGroup = 6EB1608B2BDFFA36005EA5C7;
			productRefGroup = 6EB160952BDFFA36005EA5C7 /* Products */;
			projectDirPath = "";
			projectRoot = "";
			targets = (
				6EB160932BDFFA36005EA5C7 /* TopRepoIOS */,
				6EB160A92BDFFA38005EA5C7 /* TopRepoIOSTests */,
				6EB160B32BDFFA38005EA5C7 /* TopRepoIOSUITests */,
			);
		};
/* End PBXProject section */

/* Begin PBXResourcesBuildPhase section */
		6EB160922BDFFA36005EA5C7 /* Resources */ = {
			isa = PBXResourcesBuildPhase;
			buildActionMask = 2147483647;
			files = (
				6EB160A42BDFFA38005EA5C7 /* LaunchScreen.storyboard in Resources */,
				6E67F2CD2BE016DD009CB3C6 /* github_splash.json in Resources */,
				6EB160A12BDFFA38005EA5C7 /* Assets.xcassets in Resources */,
				6E67F2D02BE016DD009CB3C6 /* error_animation.json in Resources */,
				6EB1609F2BDFFA36005EA5C7 /* Main.storyboard in Resources */,
				6E67F2C72BE016DD009CB3C6 /* loading_animation.json in Resources */,
				6E67F2CA2BE016DD009CB3C6 /* empty_list.json in Resources */,
			);
			runOnlyForDeploymentPostprocessing = 0;
		};
		6EB160A82BDFFA38005EA5C7 /* Resources */ = {
			isa = PBXResourcesBuildPhase;
			buildActionMask = 2147483647;
			files = (
				6E67F2C82BE016DD009CB3C6 /* loading_animation.json in Resources */,
				6E67F2D12BE016DD009CB3C6 /* error_animation.json in Resources */,
				6E67F2CE2BE016DD009CB3C6 /* github_splash.json in Resources */,
				6E67F2CB2BE016DD009CB3C6 /* empty_list.json in Resources */,
			);
			runOnlyForDeploymentPostprocessing = 0;
		};
		6EB160B22BDFFA38005EA5C7 /* Resources */ = {
			isa = PBXResourcesBuildPhase;
			buildActionMask = 2147483647;
			files = (
				6E67F2C92BE016DD009CB3C6 /* loading_animation.json in Resources */,
				6E67F2D22BE016DD009CB3C6 /* error_animation.json in Resources */,
				6E67F2CF2BE016DD009CB3C6 /* github_splash.json in Resources */,
				6E67F2CC2BE016DD009CB3C6 /* empty_list.json in Resources */,
			);
			runOnlyForDeploymentPostprocessing = 0;
		};
/* End PBXResourcesBuildPhase section */

/* Begin PBXShellScriptBuildPhase section */
		A895CBC2621FE50A1D19D0BB /* [CP] Check Pods Manifest.lock */ = {
			isa = PBXShellScriptBuildPhase;
			buildActionMask = 2147483647;
			files = (
			);
			inputFileListPaths = (
			);
			inputPaths = (
				"${PODS_PODFILE_DIR_PATH}/Podfile.lock",
				"${PODS_ROOT}/Manifest.lock",
			);
			name = "[CP] Check Pods Manifest.lock";
			outputFileListPaths = (
			);
			outputPaths = (
				"$(DERIVED_FILE_DIR)/Pods-TopRepoIOS-checkManifestLockResult.txt",
			);
			runOnlyForDeploymentPostprocessing = 0;
			shellPath = /bin/sh;
			shellScript = "diff \"${PODS_PODFILE_DIR_PATH}/Podfile.lock\" \"${PODS_ROOT}/Manifest.lock\" > /dev/null\nif [ $? != 0 ] ; then\n    # print error to STDERR\n    echo \"error: The sandbox is not in sync with the Podfile.lock. Run 'pod install' or update your CocoaPods installation.\" >&2\n    exit 1\nfi\n# This output is used by Xcode 'outputs' to avoid re-running this script phase.\necho \"SUCCESS\" > \"${SCRIPT_OUTPUT_FILE_0}\"\n";
			showEnvVarsInLog = 0;
		};
		E3FB29AD375A3E6A4E221C79 /* [CP] Embed Pods Frameworks */ = {
			isa = PBXShellScriptBuildPhase;
			buildActionMask = 2147483647;
			files = (
			);
			inputFileListPaths = (
				"${PODS_ROOT}/Target Support Files/Pods-TopRepoIOS/Pods-TopRepoIOS-frameworks-${CONFIGURATION}-input-files.xcfilelist",
			);
			name = "[CP] Embed Pods Frameworks";
			outputFileListPaths = (
				"${PODS_ROOT}/Target Support Files/Pods-TopRepoIOS/Pods-TopRepoIOS-frameworks-${CONFIGURATION}-output-files.xcfilelist",
			);
			runOnlyForDeploymentPostprocessing = 0;
			shellPath = /bin/sh;
			shellScript = "\"${PODS_ROOT}/Target Support Files/Pods-TopRepoIOS/Pods-TopRepoIOS-frameworks.sh\"\n";
			showEnvVarsInLog = 0;
		};
/* End PBXShellScriptBuildPhase section */

/* Begin PBXSourcesBuildPhase section */
		6EB160902BDFFA36005EA5C7 /* Sources */ = {
			isa = PBXSourcesBuildPhase;
			buildActionMask = 2147483647;
			files = (
				6E67F2DE2BE02162009CB3C6 /* ViewExtensions.swift in Sources */,
				6E67F2B72BE0113B009CB3C6 /* ListRepositoriesUIViewController.swift in Sources */,
				6E67F2F22BE038E6009CB3C6 /* ListRepositoriesInteractor.swift in Sources */,
				6E67F2BF2BE01388009CB3C6 /* MainCoordinator.swift in Sources */,
				6EB1609C2BDFFA36005EA5C7 /* ViewController.swift in Sources */,
				6EB160982BDFFA36005EA5C7 /* AppDelegate.swift in Sources */,
				6E67F2E32BE037A7009CB3C6 /* BaseInteractor.swift in Sources */,
				6EB1609A2BDFFA36005EA5C7 /* SceneDelegate.swift in Sources */,
				6E67F2AF2BE00E9C009CB3C6 /* PullRequest.swift in Sources */,
				6E67F2EE2BE0386C009CB3C6 /* ListRepositoryPresenter.swift in Sources */,
				6E67F2E82BE037F3009CB3C6 /* BasePresenter.swift in Sources */,
				6E67F2D92BE01992009CB3C6 /* RepositoryListItem.swift in Sources */,
				6E67F2D52BE0185F009CB3C6 /* SplashUIViewController.swift in Sources */,
				6E67F2AB2BE00E8A009CB3C6 /* Repo.swift in Sources */,
				6E67F2BB2BE0136A009CB3C6 /* Coordinator.swift in Sources */,
			);
			runOnlyForDeploymentPostprocessing = 0;
		};
		6EB160A62BDFFA38005EA5C7 /* Sources */ = {
			isa = PBXSourcesBuildPhase;
			buildActionMask = 2147483647;
			files = (
				6E67F2D62BE0185F009CB3C6 /* SplashUIViewController.swift in Sources */,
				6E67F2F32BE038E6009CB3C6 /* ListRepositoriesInteractor.swift in Sources */,
				6E67F2E42BE037A8009CB3C6 /* BaseInteractor.swift in Sources */,
				6E67F2B02BE00E9C009CB3C6 /* PullRequest.swift in Sources */,
				6E67F2C02BE01388009CB3C6 /* MainCoordinator.swift in Sources */,
				6E67F2EF2BE0386C009CB3C6 /* ListRepositoryPresenter.swift in Sources */,
				6EB160AF2BDFFA38005EA5C7 /* TopRepoIOSTests.swift in Sources */,
				6E67F2DF2BE02162009CB3C6 /* ViewExtensions.swift in Sources */,
				6E67F2BC2BE0136A009CB3C6 /* Coordinator.swift in Sources */,
				6E67F2B82BE0113B009CB3C6 /* ListRepositoriesUIViewController.swift in Sources */,
				6E67F2DA2BE01992009CB3C6 /* RepositoryListItem.swift in Sources */,
				6E67F2AC2BE00E8A009CB3C6 /* Repo.swift in Sources */,
				6E67F2E92BE037F3009CB3C6 /* BasePresenter.swift in Sources */,
			);
			runOnlyForDeploymentPostprocessing = 0;
		};
		6EB160B02BDFFA38005EA5C7 /* Sources */ = {
			isa = PBXSourcesBuildPhase;
			buildActionMask = 2147483647;
			files = (
				6E67F2AD2BE00E8A009CB3C6 /* Repo.swift in Sources */,
				6E67F2EA2BE037F3009CB3C6 /* BasePresenter.swift in Sources */,
				6E67F2C12BE01388009CB3C6 /* MainCoordinator.swift in Sources */,
				6E67F2DB2BE01992009CB3C6 /* RepositoryListItem.swift in Sources */,
				6E67F2F42BE038E6009CB3C6 /* ListRepositoriesInteractor.swift in Sources */,
				6EB160BB2BDFFA38005EA5C7 /* TopRepoIOSUITestsLaunchTests.swift in Sources */,
				6E67F2BD2BE0136A009CB3C6 /* Coordinator.swift in Sources */,
				6E67F2B12BE00E9C009CB3C6 /* PullRequest.swift in Sources */,
				6E67F2F02BE0386C009CB3C6 /* ListRepositoryPresenter.swift in Sources */,
				6E67F2B92BE0113B009CB3C6 /* ListRepositoriesUIViewController.swift in Sources */,
				6EB160B92BDFFA38005EA5C7 /* TopRepoIOSUITests.swift in Sources */,
				6E67F2E52BE037A8009CB3C6 /* BaseInteractor.swift in Sources */,
				6E67F2E02BE02162009CB3C6 /* ViewExtensions.swift in Sources */,
				6E67F2D72BE0185F009CB3C6 /* SplashUIViewController.swift in Sources */,
			);
			runOnlyForDeploymentPostprocessing = 0;
		};
/* End PBXSourcesBuildPhase section */

/* Begin PBXTargetDependency section */
		6EB160AC2BDFFA38005EA5C7 /* PBXTargetDependency */ = {
			isa = PBXTargetDependency;
			target = 6EB160932BDFFA36005EA5C7 /* TopRepoIOS */;
			targetProxy = 6EB160AB2BDFFA38005EA5C7 /* PBXContainerItemProxy */;
		};
		6EB160B62BDFFA38005EA5C7 /* PBXTargetDependency */ = {
			isa = PBXTargetDependency;
			target = 6EB160932BDFFA36005EA5C7 /* TopRepoIOS */;
			targetProxy = 6EB160B52BDFFA38005EA5C7 /* PBXContainerItemProxy */;
		};
/* End PBXTargetDependency section */

/* Begin PBXVariantGroup section */
		6EB1609D2BDFFA36005EA5C7 /* Main.storyboard */ = {
			isa = PBXVariantGroup;
			children = (
				6EB1609E2BDFFA36005EA5C7 /* Base */,
			);
			name = Main.storyboard;
			sourceTree = "<group>";
		};
		6EB160A22BDFFA38005EA5C7 /* LaunchScreen.storyboard */ = {
			isa = PBXVariantGroup;
			children = (
				6EB160A32BDFFA38005EA5C7 /* Base */,
			);
			name = LaunchScreen.storyboard;
			sourceTree = "<group>";
		};
/* End PBXVariantGroup section */

/* Begin XCBuildConfiguration section */
		6EB160BC2BDFFA38005EA5C7 /* Debug */ = {
			isa = XCBuildConfiguration;
			buildSettings = {
				ALWAYS_SEARCH_USER_PATHS = NO;
				CLANG_ANALYZER_NONNULL = YES;
				CLANG_ANALYZER_NUMBER_OBJECT_CONVERSION = YES_AGGRESSIVE;
				CLANG_CXX_LANGUAGE_STANDARD = "gnu++20";
				CLANG_ENABLE_MODULES = YES;
				CLANG_ENABLE_OBJC_ARC = YES;
				CLANG_ENABLE_OBJC_WEAK = YES;
				CLANG_WARN_BLOCK_CAPTURE_AUTORELEASING = YES;
				CLANG_WARN_BOOL_CONVERSION = YES;
				CLANG_WARN_COMMA = YES;
				CLANG_WARN_CONSTANT_CONVERSION = YES;
				CLANG_WARN_DEPRECATED_OBJC_IMPLEMENTATIONS = YES;
				CLANG_WARN_DIRECT_OBJC_ISA_USAGE = YES_ERROR;
				CLANG_WARN_DOCUMENTATION_COMMENTS = YES;
				CLANG_WARN_EMPTY_BODY = YES;
				CLANG_WARN_ENUM_CONVERSION = YES;
				CLANG_WARN_INFINITE_RECURSION = YES;
				CLANG_WARN_INT_CONVERSION = YES;
				CLANG_WARN_NON_LITERAL_NULL_CONVERSION = YES;
				CLANG_WARN_OBJC_IMPLICIT_RETAIN_SELF = YES;
				CLANG_WARN_OBJC_LITERAL_CONVERSION = YES;
				CLANG_WARN_OBJC_ROOT_CLASS = YES_ERROR;
				CLANG_WARN_QUOTED_INCLUDE_IN_FRAMEWORK_HEADER = YES;
				CLANG_WARN_RANGE_LOOP_ANALYSIS = YES;
				CLANG_WARN_STRICT_PROTOTYPES = YES;
				CLANG_WARN_SUSPICIOUS_MOVE = YES;
				CLANG_WARN_UNGUARDED_AVAILABILITY = YES_AGGRESSIVE;
				CLANG_WARN_UNREACHABLE_CODE = YES;
				CLANG_WARN__DUPLICATE_METHOD_MATCH = YES;
				COPY_PHASE_STRIP = NO;
				DEBUG_INFORMATION_FORMAT = dwarf;
				ENABLE_STRICT_OBJC_MSGSEND = YES;
				ENABLE_TESTABILITY = YES;
				GCC_C_LANGUAGE_STANDARD = gnu11;
				GCC_DYNAMIC_NO_PIC = NO;
				GCC_NO_COMMON_BLOCKS = YES;
				GCC_OPTIMIZATION_LEVEL = 0;
				GCC_PREPROCESSOR_DEFINITIONS = (
					"DEBUG=1",
					"$(inherited)",
				);
				GCC_WARN_64_TO_32_BIT_CONVERSION = YES;
				GCC_WARN_ABOUT_RETURN_TYPE = YES_ERROR;
				GCC_WARN_UNDECLARED_SELECTOR = YES;
				GCC_WARN_UNINITIALIZED_AUTOS = YES_AGGRESSIVE;
				GCC_WARN_UNUSED_FUNCTION = YES;
				GCC_WARN_UNUSED_VARIABLE = YES;
				IPHONEOS_DEPLOYMENT_TARGET = 16.4;
				MTL_ENABLE_DEBUG_INFO = INCLUDE_SOURCE;
				MTL_FAST_MATH = YES;
				ONLY_ACTIVE_ARCH = YES;
				SDKROOT = iphoneos;
				SWIFT_ACTIVE_COMPILATION_CONDITIONS = DEBUG;
				SWIFT_OPTIMIZATION_LEVEL = "-Onone";
			};
			name = Debug;
		};
		6EB160BD2BDFFA38005EA5C7 /* Release */ = {
			isa = XCBuildConfiguration;
			buildSettings = {
				ALWAYS_SEARCH_USER_PATHS = NO;
				CLANG_ANALYZER_NONNULL = YES;
				CLANG_ANALYZER_NUMBER_OBJECT_CONVERSION = YES_AGGRESSIVE;
				CLANG_CXX_LANGUAGE_STANDARD = "gnu++20";
				CLANG_ENABLE_MODULES = YES;
				CLANG_ENABLE_OBJC_ARC = YES;
				CLANG_ENABLE_OBJC_WEAK = YES;
				CLANG_WARN_BLOCK_CAPTURE_AUTORELEASING = YES;
				CLANG_WARN_BOOL_CONVERSION = YES;
				CLANG_WARN_COMMA = YES;
				CLANG_WARN_CONSTANT_CONVERSION = YES;
				CLANG_WARN_DEPRECATED_OBJC_IMPLEMENTATIONS = YES;
				CLANG_WARN_DIRECT_OBJC_ISA_USAGE = YES_ERROR;
				CLANG_WARN_DOCUMENTATION_COMMENTS = YES;
				CLANG_WARN_EMPTY_BODY = YES;
				CLANG_WARN_ENUM_CONVERSION = YES;
				CLANG_WARN_INFINITE_RECURSION = YES;
				CLANG_WARN_INT_CONVERSION = YES;
				CLANG_WARN_NON_LITERAL_NULL_CONVERSION = YES;
				CLANG_WARN_OBJC_IMPLICIT_RETAIN_SELF = YES;
				CLANG_WARN_OBJC_LITERAL_CONVERSION = YES;
				CLANG_WARN_OBJC_ROOT_CLASS = YES_ERROR;
				CLANG_WARN_QUOTED_INCLUDE_IN_FRAMEWORK_HEADER = YES;
				CLANG_WARN_RANGE_LOOP_ANALYSIS = YES;
				CLANG_WARN_STRICT_PROTOTYPES = YES;
				CLANG_WARN_SUSPICIOUS_MOVE = YES;
				CLANG_WARN_UNGUARDED_AVAILABILITY = YES_AGGRESSIVE;
				CLANG_WARN_UNREACHABLE_CODE = YES;
				CLANG_WARN__DUPLICATE_METHOD_MATCH = YES;
				COPY_PHASE_STRIP = NO;
				DEBUG_INFORMATION_FORMAT = "dwarf-with-dsym";
				ENABLE_NS_ASSERTIONS = NO;
				ENABLE_STRICT_OBJC_MSGSEND = YES;
				GCC_C_LANGUAGE_STANDARD = gnu11;
				GCC_NO_COMMON_BLOCKS = YES;
				GCC_WARN_64_TO_32_BIT_CONVERSION = YES;
				GCC_WARN_ABOUT_RETURN_TYPE = YES_ERROR;
				GCC_WARN_UNDECLARED_SELECTOR = YES;
				GCC_WARN_UNINITIALIZED_AUTOS = YES_AGGRESSIVE;
				GCC_WARN_UNUSED_FUNCTION = YES;
				GCC_WARN_UNUSED_VARIABLE = YES;
				IPHONEOS_DEPLOYMENT_TARGET = 16.4;
				MTL_ENABLE_DEBUG_INFO = NO;
				MTL_FAST_MATH = YES;
				SDKROOT = iphoneos;
				SWIFT_COMPILATION_MODE = wholemodule;
				SWIFT_OPTIMIZATION_LEVEL = "-O";
				VALIDATE_PRODUCT = YES;
			};
			name = Release;
		};
		6EB160BF2BDFFA38005EA5C7 /* Debug */ = {
			isa = XCBuildConfiguration;
			baseConfigurationReference = 762379CB457A535066938334 /* Pods-TopRepoIOS.debug.xcconfig */;
			buildSettings = {
				ASSETCATALOG_COMPILER_APPICON_NAME = AppIcon;
				ASSETCATALOG_COMPILER_GLOBAL_ACCENT_COLOR_NAME = AccentColor;
				CODE_SIGN_STYLE = Automatic;
				CURRENT_PROJECT_VERSION = 1;
				DEVELOPMENT_TEAM = 9W4CVCV2JB;
				GENERATE_INFOPLIST_FILE = YES;
				INFOPLIST_FILE = TopRepoIOS/Info.plist;
				INFOPLIST_KEY_UIApplicationSupportsIndirectInputEvents = YES;
				INFOPLIST_KEY_UILaunchStoryboardName = LaunchScreen;
				INFOPLIST_KEY_UIMainStoryboardFile = Main;
				INFOPLIST_KEY_UISupportedInterfaceOrientations_iPad = "UIInterfaceOrientationPortrait UIInterfaceOrientationPortraitUpsideDown UIInterfaceOrientationLandscapeLeft UIInterfaceOrientationLandscapeRight";
				INFOPLIST_KEY_UISupportedInterfaceOrientations_iPhone = "UIInterfaceOrientationPortrait UIInterfaceOrientationLandscapeLeft UIInterfaceOrientationLandscapeRight";
				LD_RUNPATH_SEARCH_PATHS = (
					"$(inherited)",
					"@executable_path/Frameworks",
				);
				MARKETING_VERSION = 1.0;
				PRODUCT_BUNDLE_IDENTIFIER = com.eduardossampaio.TopRepoIOS;
				PRODUCT_NAME = "$(TARGET_NAME)";
				SWIFT_EMIT_LOC_STRINGS = YES;
				SWIFT_VERSION = 5.0;
				TARGETED_DEVICE_FAMILY = "1,2";
			};
			name = Debug;
		};
		6EB160C02BDFFA38005EA5C7 /* Release */ = {
			isa = XCBuildConfiguration;
			baseConfigurationReference = 51B8D599E8885B540B3B0F61 /* Pods-TopRepoIOS.release.xcconfig */;
			buildSettings = {
				ASSETCATALOG_COMPILER_APPICON_NAME = AppIcon;
				ASSETCATALOG_COMPILER_GLOBAL_ACCENT_COLOR_NAME = AccentColor;
				CODE_SIGN_STYLE = Automatic;
				CURRENT_PROJECT_VERSION = 1;
				DEVELOPMENT_TEAM = 9W4CVCV2JB;
				GENERATE_INFOPLIST_FILE = YES;
				INFOPLIST_FILE = TopRepoIOS/Info.plist;
				INFOPLIST_KEY_UIApplicationSupportsIndirectInputEvents = YES;
				INFOPLIST_KEY_UILaunchStoryboardName = LaunchScreen;
				INFOPLIST_KEY_UIMainStoryboardFile = Main;
				INFOPLIST_KEY_UISupportedInterfaceOrientations_iPad = "UIInterfaceOrientationPortrait UIInterfaceOrientationPortraitUpsideDown UIInterfaceOrientationLandscapeLeft UIInterfaceOrientationLandscapeRight";
				INFOPLIST_KEY_UISupportedInterfaceOrientations_iPhone = "UIInterfaceOrientationPortrait UIInterfaceOrientationLandscapeLeft UIInterfaceOrientationLandscapeRight";
				LD_RUNPATH_SEARCH_PATHS = (
					"$(inherited)",
					"@executable_path/Frameworks",
				);
				MARKETING_VERSION = 1.0;
				PRODUCT_BUNDLE_IDENTIFIER = com.eduardossampaio.TopRepoIOS;
				PRODUCT_NAME = "$(TARGET_NAME)";
				SWIFT_EMIT_LOC_STRINGS = YES;
				SWIFT_VERSION = 5.0;
				TARGETED_DEVICE_FAMILY = "1,2";
			};
			name = Release;
		};
		6EB160C22BDFFA38005EA5C7 /* Debug */ = {
			isa = XCBuildConfiguration;
			buildSettings = {
				ALWAYS_EMBED_SWIFT_STANDARD_LIBRARIES = YES;
				BUNDLE_LOADER = "$(TEST_HOST)";
				CODE_SIGN_STYLE = Automatic;
				CURRENT_PROJECT_VERSION = 1;
				DEVELOPMENT_TEAM = 9W4CVCV2JB;
				GENERATE_INFOPLIST_FILE = YES;
				IPHONEOS_DEPLOYMENT_TARGET = 16.4;
				MARKETING_VERSION = 1.0;
				PRODUCT_BUNDLE_IDENTIFIER = com.eduardossampaio.TopRepoIOSTests;
				PRODUCT_NAME = "$(TARGET_NAME)";
				SWIFT_EMIT_LOC_STRINGS = NO;
				SWIFT_VERSION = 5.0;
				TARGETED_DEVICE_FAMILY = "1,2";
				TEST_HOST = "$(BUILT_PRODUCTS_DIR)/TopRepoIOS.app/$(BUNDLE_EXECUTABLE_FOLDER_PATH)/TopRepoIOS";
			};
			name = Debug;
		};
		6EB160C32BDFFA38005EA5C7 /* Release */ = {
			isa = XCBuildConfiguration;
			buildSettings = {
				ALWAYS_EMBED_SWIFT_STANDARD_LIBRARIES = YES;
				BUNDLE_LOADER = "$(TEST_HOST)";
				CODE_SIGN_STYLE = Automatic;
				CURRENT_PROJECT_VERSION = 1;
				DEVELOPMENT_TEAM = 9W4CVCV2JB;
				GENERATE_INFOPLIST_FILE = YES;
				IPHONEOS_DEPLOYMENT_TARGET = 16.4;
				MARKETING_VERSION = 1.0;
				PRODUCT_BUNDLE_IDENTIFIER = com.eduardossampaio.TopRepoIOSTests;
				PRODUCT_NAME = "$(TARGET_NAME)";
				SWIFT_EMIT_LOC_STRINGS = NO;
				SWIFT_VERSION = 5.0;
				TARGETED_DEVICE_FAMILY = "1,2";
				TEST_HOST = "$(BUILT_PRODUCTS_DIR)/TopRepoIOS.app/$(BUNDLE_EXECUTABLE_FOLDER_PATH)/TopRepoIOS";
			};
			name = Release;
		};
		6EB160C52BDFFA38005EA5C7 /* Debug */ = {
			isa = XCBuildConfiguration;
			buildSettings = {
				ALWAYS_EMBED_SWIFT_STANDARD_LIBRARIES = YES;
				CODE_SIGN_STYLE = Automatic;
				CURRENT_PROJECT_VERSION = 1;
				DEVELOPMENT_TEAM = 9W4CVCV2JB;
				GENERATE_INFOPLIST_FILE = YES;
				MARKETING_VERSION = 1.0;
				PRODUCT_BUNDLE_IDENTIFIER = com.eduardossampaio.TopRepoIOSUITests;
				PRODUCT_NAME = "$(TARGET_NAME)";
				SWIFT_EMIT_LOC_STRINGS = NO;
				SWIFT_VERSION = 5.0;
				TARGETED_DEVICE_FAMILY = "1,2";
				TEST_TARGET_NAME = TopRepoIOS;
			};
			name = Debug;
		};
		6EB160C62BDFFA38005EA5C7 /* Release */ = {
			isa = XCBuildConfiguration;
			buildSettings = {
				ALWAYS_EMBED_SWIFT_STANDARD_LIBRARIES = YES;
				CODE_SIGN_STYLE = Automatic;
				CURRENT_PROJECT_VERSION = 1;
				DEVELOPMENT_TEAM = 9W4CVCV2JB;
				GENERATE_INFOPLIST_FILE = YES;
				MARKETING_VERSION = 1.0;
				PRODUCT_BUNDLE_IDENTIFIER = com.eduardossampaio.TopRepoIOSUITests;
				PRODUCT_NAME = "$(TARGET_NAME)";
				SWIFT_EMIT_LOC_STRINGS = NO;
				SWIFT_VERSION = 5.0;
				TARGETED_DEVICE_FAMILY = "1,2";
				TEST_TARGET_NAME = TopRepoIOS;
			};
			name = Release;
		};
/* End XCBuildConfiguration section */

/* Begin XCConfigurationList section */
		6EB1608F2BDFFA36005EA5C7 /* Build configuration list for PBXProject "TopRepoIOS" */ = {
			isa = XCConfigurationList;
			buildConfigurations = (
				6EB160BC2BDFFA38005EA5C7 /* Debug */,
				6EB160BD2BDFFA38005EA5C7 /* Release */,
			);
			defaultConfigurationIsVisible = 0;
			defaultConfigurationName = Release;
		};
		6EB160BE2BDFFA38005EA5C7 /* Build configuration list for PBXNativeTarget "TopRepoIOS" */ = {
			isa = XCConfigurationList;
			buildConfigurations = (
				6EB160BF2BDFFA38005EA5C7 /* Debug */,
				6EB160C02BDFFA38005EA5C7 /* Release */,
			);
			defaultConfigurationIsVisible = 0;
			defaultConfigurationName = Release;
		};
		6EB160C12BDFFA38005EA5C7 /* Build configuration list for PBXNativeTarget "TopRepoIOSTests" */ = {
			isa = XCConfigurationList;
			buildConfigurations = (
				6EB160C22BDFFA38005EA5C7 /* Debug */,
				6EB160C32BDFFA38005EA5C7 /* Release */,
			);
			defaultConfigurationIsVisible = 0;
			defaultConfigurationName = Release;
		};
		6EB160C42BDFFA38005EA5C7 /* Build configuration list for PBXNativeTarget "TopRepoIOSUITests" */ = {
			isa = XCConfigurationList;
			buildConfigurations = (
				6EB160C52BDFFA38005EA5C7 /* Debug */,
				6EB160C62BDFFA38005EA5C7 /* Release */,
			);
			defaultConfigurationIsVisible = 0;
			defaultConfigurationName = Release;
		};
/* End XCConfigurationList section */
	};
	rootObject = 6EB1608C2BDFFA36005EA5C7 /* Project object */;
}
